{
    "version": 3,
    "terraform_version": "0.11.13",
    "serial": 12,
    "lineage": "cf8b7b95-4651-b96c-db67-b38336f2fe70",
    "modules": [
        {
            "path": [
                "root"
            ],
            "outputs": {},
            "resources": {
                "data.ksyun_lines.default": {
                    "type": "ksyun_lines",
                    "depends_on": [],
                    "primary": {
                        "id": "0",
                        "attributes": {
                            "id": "0",
                            "line_name": "BGP",
                            "lines.#": "1",
                            "lines.0.line_id": "5fc2595f-1bfd-481b-bf64-2d08f116d800",
                            "lines.0.line_name": "BGP",
                            "lines.0.line_type": "Public",
                            "output_file": "output_result1",
                            "total_count": "1"
                        },
                        "meta": {},
                        "tainted": false
                    },
                    "deposed": [],
                    "provider": "provider.ksyun"
                },
                "ksyun_eip.default1": {
                    "type": "ksyun_eip",
                    "depends_on": [
                        "data.ksyun_lines.default"
                    ],
                    "primary": {
                        "id": "8db5c708-f341-40b5-ba65-79bdf510814f",
                        "attributes": {
                            "allocation_id": "8db5c708-f341-40b5-ba65-79bdf510814f",
                            "band_width": "1",
                            "charge_type": "PostPaidByDay",
                            "create_time": "2019-06-25 14:59:33",
                            "id": "8db5c708-f341-40b5-ba65-79bdf510814f",
                            "line_id": "5fc2595f-1bfd-481b-bf64-2d08f116d800",
                            "project_id": "0",
                            "public_ip": "120.92.85.117",
                            "purchase_time": "1",
                            "state": "disassociate"
                        },
                        "meta": {},
                        "tainted": false
                    },
                    "deposed": [],
                    "provider": "provider.ksyun"
                }
            },
            "depends_on": []
        }
    ]
}
