{
    "version": 3,
    "terraform_version": "0.11.13",
    "serial": 42,
    "lineage": "d9d20fea-ea20-34a6-ec6c-c6ca4cdcc1f6",
    "modules": [
        {
            "path": [
                "root"
            ],
            "outputs": {
                "eip_id": {
                    "sensitive": false,
                    "type": "string",
                    "value": "a539012f-1431-4ed2-a71d-0c5a7ff902a1"
                },
                "instance_id": {
                    "sensitive": false,
                    "type": "string",
                    "value": "75b8336c-cbb8-4dd7-acf6-caad54e858fc"
                },
                "subnet_id": {
                    "sensitive": false,
                    "type": "string",
                    "value": "75071006-e222-4657-b1fb-f23732c8105f"
                },
                "vpc_id": {
                    "sensitive": false,
                    "type": "string",
                    "value": "5958ab60-83ee-48d0-9058-091696f24b79"
                }
            },
            "resources": {
                "data.ksyun_availability_zones.default": {
                    "type": "ksyun_availability_zones",
                    "depends_on": [],
                    "primary": {
                        "id": "1718198550",
                        "attributes": {
                            "availability_zones.#": "3",
                            "availability_zones.0.availability_zone_name": "cn-beijing-6a",
                            "availability_zones.0.availability_zone_state": "",
                            "availability_zones.1.availability_zone_name": "cn-beijing-6b",
                            "availability_zones.1.availability_zone_state": "",
                            "availability_zones.2.availability_zone_name": "cn-beijing-6c",
                            "availability_zones.2.availability_zone_state": "",
                            "id": "1718198550",
                            "total_count": "3"
                        },
                        "meta": {},
                        "tainted": false
                    },
                    "deposed": [],
                    "provider": "provider.ksyun"
                },
                "data.ksyun_images.centos-7_5": {
                    "type": "ksyun_images",
                    "depends_on": [],
                    "primary": {
                        "id": "0",
                        "attributes": {
                            "id": "0",
                            "images.#": "1",
                            "images.0.creation_date": "2018-10-18T20:19:00Z",
                            "images.0.image_id": "d3290df6-3597-4f83-b5ae-48356e91ad46",
                            "images.0.image_source": "system",
                            "images.0.image_state": "active",
                            "images.0.instance_id": "",
                            "images.0.is_npe": "true",
                            "images.0.is_public": "true",
                            "images.0.name": "centos-7.5-2018100921053",
                            "images.0.platform": "centos-7.5",
                            "images.0.progress": "100",
                            "images.0.sys_disk": "20",
                            "images.0.user_category": "common",
                            "is_public": "true",
                            "platform": "centos-7.5",
                            "total_count": "1"
                        },
                        "meta": {},
                        "tainted": false
                    },
                    "deposed": [],
                    "provider": "provider.ksyun"
                },
                "data.ksyun_lines.default": {
                    "type": "ksyun_lines",
                    "depends_on": [],
                    "primary": {
                        "id": "0",
                        "attributes": {
                            "id": "0",
                            "line_name": "BGP",
                            "lines.#": "1",
                            "lines.0.line_id": "5fc2595f-1bfd-481b-bf64-2d08f116d800",
                            "lines.0.line_name": "BGP",
                            "lines.0.line_type": "Public",
                            "total_count": "1"
                        },
                        "meta": {},
                        "tainted": false
                    },
                    "deposed": [],
                    "provider": "provider.ksyun"
                },
                "ksyun_eip.default": {
                    "type": "ksyun_eip",
                    "depends_on": [
                        "data.ksyun_lines.default"
                    ],
                    "primary": {
                        "id": "a539012f-1431-4ed2-a71d-0c5a7ff902a1",
                        "attributes": {
                            "allocation_id": "a539012f-1431-4ed2-a71d-0c5a7ff902a1",
                            "band_width": "1",
                            "charge_type": "PostPaidByDay",
                            "create_time": "2019-06-25 20:55:00",
                            "id": "a539012f-1431-4ed2-a71d-0c5a7ff902a1",
                            "line_id": "5fc2595f-1bfd-481b-bf64-2d08f116d800",
                            "project_id": "0",
                            "public_ip": "120.92.90.55",
                            "purchase_time": "1",
                            "state": "disassociate"
                        },
                        "meta": {},
                        "tainted": false
                    },
                    "deposed": [],
                    "provider": "provider.ksyun"
                },
                "ksyun_eip_associate.default": {
                    "type": "ksyun_eip_associate",
                    "depends_on": [
                        "ksyun_eip.default",
                        "ksyun_instance.default"
                    ],
                    "primary": {
                        "id": "a539012f-1431-4ed2-a71d-0c5a7ff902a1:75b8336c-cbb8-4dd7-acf6-caad54e858fc",
                        "attributes": {
                            "allocation_id": "a539012f-1431-4ed2-a71d-0c5a7ff902a1",
                            "id": "a539012f-1431-4ed2-a71d-0c5a7ff902a1:75b8336c-cbb8-4dd7-acf6-caad54e858fc",
                            "instance_id": "75b8336c-cbb8-4dd7-acf6-caad54e858fc",
                            "instance_type": "Ipfwd",
                            "network_interface_id": "9329e63a-6e7d-48b6-ab77-f0af89972d54"
                        },
                        "meta": {},
                        "tainted": false
                    },
                    "deposed": [],
                    "provider": "provider.ksyun"
                },
                "ksyun_instance.default": {
                    "type": "ksyun_instance",
                    "depends_on": [
                        "data.ksyun_images.centos-7_5",
                        "ksyun_security_group.default",
                        "ksyun_subnet.default"
                    ],
                    "primary": {
                        "id": "75b8336c-cbb8-4dd7-acf6-caad54e858fc",
                        "attributes": {
                            "availability_zone": "cn-beijing-6a",
                            "availability_zone_name": "可用区A",
                            "charge_type": "Daily",
                            "data_disk.#": "1",
                            "data_disk.0.delete_with_instance": "true",
                            "data_disk.0.size": "20",
                            "data_disk.0.type": "SSD3.0",
                            "data_disk_gb": "0",
                            "id": "75b8336c-cbb8-4dd7-acf6-caad54e858fc",
                            "image_id": "d3290df6-3597-4f83-b5ae-48356e91ad46",
                            "instance_configure.#": "1",
                            "instance_configure.0.data_disk_gb": "0",
                            "instance_configure.0.g_p_u": "0",
                            "instance_configure.0.memory_gb": "4",
                            "instance_configure.0.v_c_p_u": "2",
                            "instance_name": "xuan-tf-combine",
                            "instance_password": "Xuan663222",
                            "instance_state.#": "1",
                            "instance_state.0.name": "active",
                            "instance_type": "N3.2B",
                            "is_show_sriov_net_support": "false",
                            "keep_image_login": "false",
                            "max_count": "1",
                            "min_count": "1",
                            "monitoring.#": "1",
                            "monitoring.0.state": "enabled",
                            "network_interface_set.#": "1",
                            "network_interface_set.0.d_n_s1": "",
                            "network_interface_set.0.d_n_s2": "",
                            "network_interface_set.0.group_set.#": "0",
                            "network_interface_set.0.mac_address": "fa:16:3e:3f:d9:dd",
                            "network_interface_set.0.network_interface_id": "9329e63a-6e7d-48b6-ab77-f0af89972d54",
                            "network_interface_set.0.network_interface_type": "primary",
                            "network_interface_set.0.private_ip_address": "10.1.0.15",
                            "network_interface_set.0.security_group_set.#": "1",
                            "network_interface_set.0.security_group_set.0.security_group_id": "237f6814-8766-4ff2-a8e1-8bab6450e131",
                            "network_interface_set.0.subnet_id": "",
                            "private_ip_address": "10.1.0.15",
                            "product_what": "1",
                            "project_id": "0",
                            "purchase_time": "1",
                            "security_group_id": "237f6814-8766-4ff2-a8e1-8bab6450e131",
                            "sriov_net_support": "false",
                            "subnet_id": "75071006-e222-4657-b1fb-f23732c8105f",
                            "system_disk.#": "1",
                            "system_disk.0.disk_size": "30",
                            "system_disk.0.disk_type": "SSD3.0"
                        },
                        "meta": {
                            "e2bfb730-ecaa-11e6-8f88-34363bc7c4c0": {
                                "create": 1800000000000,
                                "delete": 600000000000,
                                "update": 1200000000000
                            }
                        },
                        "tainted": false
                    },
                    "deposed": [],
                    "provider": "provider.ksyun"
                },
                "ksyun_security_group.default": {
                    "type": "ksyun_security_group",
                    "depends_on": [
                        "ksyun_vpc.default"
                    ],
                    "primary": {
                        "id": "237f6814-8766-4ff2-a8e1-8bab6450e131",
                        "attributes": {
                            "create_time": "2019-06-25 20:55:00",
                            "id": "237f6814-8766-4ff2-a8e1-8bab6450e131",
                            "security_group_entry_set.#": "1",
                            "security_group_entry_set.0.cidr_block": "0.0.0.0/0",
                            "security_group_entry_set.0.description": "",
                            "security_group_entry_set.0.direction": "out",
                            "security_group_entry_set.0.icmp_code": "0",
                            "security_group_entry_set.0.icmp_type": "0",
                            "security_group_entry_set.0.port_range_from": "0",
                            "security_group_entry_set.0.port_range_to": "0",
                            "security_group_entry_set.0.protocol": "ip",
                            "security_group_entry_set.0.security_group_entry_id": "866dde84-76cb-4ae1-ab2a-1c532f0627fc",
                            "security_group_id": "237f6814-8766-4ff2-a8e1-8bab6450e131",
                            "security_group_name": "ksyun_security_group_tf",
                            "security_group_type": "other",
                            "vpc_id": "5958ab60-83ee-48d0-9058-091696f24b79"
                        },
                        "meta": {},
                        "tainted": false
                    },
                    "deposed": [],
                    "provider": "provider.ksyun"
                },
                "ksyun_security_group_entry.test1": {
                    "type": "ksyun_security_group_entry",
                    "depends_on": [
                        "ksyun_security_group.default"
                    ],
                    "primary": {
                        "id": "d43d3e1d-6cf8-4a01-9db6-7aba4cb52fce",
                        "attributes": {
                            "cidr_block": "10.0.1.1/32",
                            "description": "26231a41-4c6b-4a10-94ed-27088d5679df",
                            "direction": "in",
                            "icmp_code": "0",
                            "icmp_type": "0",
                            "id": "d43d3e1d-6cf8-4a01-9db6-7aba4cb52fce",
                            "port_range_from": "0",
                            "port_range_to": "0",
                            "protocol": "ip",
                            "security_group_entry_id": "d43d3e1d-6cf8-4a01-9db6-7aba4cb52fce",
                            "security_group_id": "237f6814-8766-4ff2-a8e1-8bab6450e131"
                        },
                        "meta": {},
                        "tainted": false
                    },
                    "deposed": [],
                    "provider": "provider.ksyun"
                },
                "ksyun_security_group_entry.test2": {
                    "type": "ksyun_security_group_entry",
                    "depends_on": [
                        "ksyun_security_group.default"
                    ],
                    "primary": {
                        "id": "64389806-492b-4ed2-b897-78b3d45a6aa3",
                        "attributes": {
                            "cidr_block": "10.0.1.6/32",
                            "description": "26231a41-4c6b-4a10-94ed-27088d5679df",
                            "direction": "out",
                            "icmp_code": "0",
                            "icmp_type": "0",
                            "id": "64389806-492b-4ed2-b897-78b3d45a6aa3",
                            "port_range_from": "0",
                            "port_range_to": "0",
                            "protocol": "ip",
                            "security_group_entry_id": "64389806-492b-4ed2-b897-78b3d45a6aa3",
                            "security_group_id": "237f6814-8766-4ff2-a8e1-8bab6450e131"
                        },
                        "meta": {},
                        "tainted": false
                    },
                    "deposed": [],
                    "provider": "provider.ksyun"
                },
                "ksyun_security_group_entry.test3": {
                    "type": "ksyun_security_group_entry",
                    "depends_on": [
                        "ksyun_security_group.default"
                    ],
                    "primary": {
                        "id": "5090c5b2-94f6-4e17-9ae8-5dc954a53871",
                        "attributes": {
                            "cidr_block": "10.0.1.5/32",
                            "description": "26231a41-4c6b-4a10-94ed-27088d5679df",
                            "direction": "out",
                            "icmp_code": "0",
                            "icmp_type": "0",
                            "id": "5090c5b2-94f6-4e17-9ae8-5dc954a53871",
                            "port_range_from": "0",
                            "port_range_to": "0",
                            "protocol": "ip",
                            "security_group_entry_id": "5090c5b2-94f6-4e17-9ae8-5dc954a53871",
                            "security_group_id": "237f6814-8766-4ff2-a8e1-8bab6450e131"
                        },
                        "meta": {},
                        "tainted": false
                    },
                    "deposed": [],
                    "provider": "provider.ksyun"
                },
                "ksyun_security_group_entry.test4": {
                    "type": "ksyun_security_group_entry",
                    "depends_on": [
                        "ksyun_security_group.default"
                    ],
                    "primary": {
                        "id": "b0aa7930-71a1-4d3a-b879-3eeeb2a9ab0c",
                        "attributes": {
                            "cidr_block": "10.0.1.4/32",
                            "description": "26231a41-4c6b-4a10-94ed-27088d5679df",
                            "direction": "out",
                            "icmp_code": "0",
                            "icmp_type": "0",
                            "id": "b0aa7930-71a1-4d3a-b879-3eeeb2a9ab0c",
                            "port_range_from": "0",
                            "port_range_to": "0",
                            "protocol": "ip",
                            "security_group_entry_id": "b0aa7930-71a1-4d3a-b879-3eeeb2a9ab0c",
                            "security_group_id": "237f6814-8766-4ff2-a8e1-8bab6450e131"
                        },
                        "meta": {},
                        "tainted": false
                    },
                    "deposed": [],
                    "provider": "provider.ksyun"
                },
                "ksyun_security_group_entry.test5": {
                    "type": "ksyun_security_group_entry",
                    "depends_on": [
                        "ksyun_security_group.default"
                    ],
                    "primary": {
                        "id": "a7681e5d-b6dd-4c20-b817-ecb367386b4e",
                        "attributes": {
                            "cidr_block": "10.0.1.3/32",
                            "description": "26231a41-4c6b-4a10-94ed-27088d5679df",
                            "direction": "out",
                            "icmp_code": "0",
                            "icmp_type": "0",
                            "id": "a7681e5d-b6dd-4c20-b817-ecb367386b4e",
                            "port_range_from": "0",
                            "port_range_to": "0",
                            "protocol": "ip",
                            "security_group_entry_id": "a7681e5d-b6dd-4c20-b817-ecb367386b4e",
                            "security_group_id": "237f6814-8766-4ff2-a8e1-8bab6450e131"
                        },
                        "meta": {},
                        "tainted": false
                    },
                    "deposed": [],
                    "provider": "provider.ksyun"
                },
                "ksyun_security_group_entry.test6": {
                    "type": "ksyun_security_group_entry",
                    "depends_on": [
                        "ksyun_security_group.default"
                    ],
                    "primary": {
                        "id": "ad2f688c-3815-473a-b864-bd4d0befe546",
                        "attributes": {
                            "cidr_block": "10.0.1.2/32",
                            "description": "26231a41-4c6b-4a10-94ed-27088d5679df",
                            "direction": "out",
                            "icmp_code": "0",
                            "icmp_type": "0",
                            "id": "ad2f688c-3815-473a-b864-bd4d0befe546",
                            "port_range_from": "0",
                            "port_range_to": "0",
                            "protocol": "ip",
                            "security_group_entry_id": "ad2f688c-3815-473a-b864-bd4d0befe546",
                            "security_group_id": "237f6814-8766-4ff2-a8e1-8bab6450e131"
                        },
                        "meta": {},
                        "tainted": false
                    },
                    "deposed": [],
                    "provider": "provider.ksyun"
                },
                "ksyun_security_group_entry.test7": {
                    "type": "ksyun_security_group_entry",
                    "depends_on": [
                        "ksyun_security_group.default"
                    ],
                    "primary": {
                        "id": "c91ff0b1-a658-42ea-a9e8-ee794ea2008c",
                        "attributes": {
                            "cidr_block": "10.0.1.1/32",
                            "description": "26231a41-4c6b-4a10-94ed-27088d5679df",
                            "direction": "out",
                            "icmp_code": "0",
                            "icmp_type": "0",
                            "id": "c91ff0b1-a658-42ea-a9e8-ee794ea2008c",
                            "port_range_from": "0",
                            "port_range_to": "0",
                            "protocol": "ip",
                            "security_group_entry_id": "c91ff0b1-a658-42ea-a9e8-ee794ea2008c",
                            "security_group_id": "237f6814-8766-4ff2-a8e1-8bab6450e131"
                        },
                        "meta": {},
                        "tainted": false
                    },
                    "deposed": [],
                    "provider": "provider.ksyun"
                },
                "ksyun_subnet.default": {
                    "type": "ksyun_subnet",
                    "depends_on": [
                        "data.ksyun_availability_zones.default",
                        "ksyun_vpc.default"
                    ],
                    "primary": {
                        "id": "75071006-e222-4657-b1fb-f23732c8105f",
                        "attributes": {
                            "availability_zone": "cn-beijing-6a",
                            "cidr_block": "10.1.0.0/21",
                            "dhcp_ip_from": "10.1.0.2",
                            "dhcp_ip_to": "10.1.0.253",
                            "dns1": "198.18.254.41",
                            "dns2": "198.18.254.40",
                            "gateway_ip": "10.1.0.1",
                            "id": "75071006-e222-4657-b1fb-f23732c8105f",
                            "subnet_name": "ksyun_subnet_tf",
                            "subnet_type": "Normal",
                            "vpc_id": "5958ab60-83ee-48d0-9058-091696f24b79"
                        },
                        "meta": {},
                        "tainted": false
                    },
                    "deposed": [],
                    "provider": "provider.ksyun"
                },
                "ksyun_vpc.default": {
                    "type": "ksyun_vpc",
                    "depends_on": [],
                    "primary": {
                        "id": "5958ab60-83ee-48d0-9058-091696f24b79",
                        "attributes": {
                            "cidr_block": "10.1.0.0/21",
                            "id": "5958ab60-83ee-48d0-9058-091696f24b79",
                            "is_default": "false",
                            "vpc_name": "ksyun_vpc_tf"
                        },
                        "meta": {},
                        "tainted": false
                    },
                    "deposed": [],
                    "provider": "provider.ksyun"
                }
            },
            "depends_on": []
        }
    ]
}
